
Microsoft Visual Studio Solution File, Format Version 12.00
# Visual Studio Version 16
VisualStudioVersion = 16.0.28729.10
MinimumVisualStudioVersion = 10.0.40219.1
Project("{FAE04EC0-301F-11D3-BF4B-00C04F79EFBC}") = "MvcAsyncPartialView", "MvcAsyncPartialView\MvcAsyncPartialView.csproj", "{98B45393-37EA-429E-BE4E-EA7169EA38F3}"
EndProject
Global
	GlobalSection(SolutionConfigurationPlatforms) = preSolution
		Debug|Any CPU = Debug|Any CPU
		Release|Any CPU = Release|Any CPU
	EndGlobalSection
	GlobalSection(ProjectConfigurationPlatforms) = postSolution
		{98B45393-37EA-429E-BE4E-EA7169EA38F3}.Debug|Any CPU.ActiveCfg = Debug|Any CPU
		{98B45393-37EA-429E-BE4E-EA7169EA38F3}.Debug|Any CPU.Build.0 = Debug|Any CPU
		{98B45393-37EA-429E-BE4E-EA7169EA38F3}.Release|Any CPU.ActiveCfg = Release|Any CPU
		{98B45393-37EA-429E-BE4E-EA7169EA38F3}.Release|Any CPU.Build.0 = Release|Any CPU
	EndGlobalSection
	GlobalSection(SolutionProperties) = preSolution
		HideSolutionNode = FALSE
	EndGlobalSection
	GlobalSection(ExtensibilityGlobals) = postSolution
		SolutionGuid = {81B9B4B5-6EAA-4C1E-9CB6-1086D35F9E2B}
	EndGlobalSection
EndGlobal
